{
  "object": {
    "pins": [
      {
        "package": "Flynn",
        "repositoryURL": "https://github.com/KittyMac/Flynn.git",
        "state": {
          "branch": "master",
          "revision": "043535c0affec8f50389beea1ce8d6ea250d4ab4",
          "version": null
        }
      },
      {
        "package": "portaudio",
        "repositoryURL": "https://github.com/KittyMac/portaudio-swift.git",
        "state": {
          "branch": "master",
          "revision": "9a08f6495672f3065db1c67f97b2f4fdcbdbe760",
          "version": null
        }
      },
      {
        "package": "swift-argument-parser",
        "repositoryURL": "https://github.com/apple/swift-argument-parser",
        "state": {
          "branch": null,
          "revision": "eb51f949cdd0c9d88abba9ce79d37eb7ea1231d0",
          "version": "0.2.0"
        }
      }
    ]
  },
  "version": 1
}
