// !$*UTF8*$!
{
	archiveVersion = 1;
	classes = {
	};
	objectVersion = 46;
	objects = {

/* Begin PBXAggregateTarget section */
		"jukebox2::jukebox2PackageTests::ProductTarget" /* jukebox2PackageTests */ = {
			isa = PBXAggregateTarget;
			buildConfigurationList = OBJ_157 /* Build configuration list for PBXAggregateTarget "jukebox2PackageTests" */;
			buildPhases = (
			);
			dependencies = (
				OBJ_160 /* PBXTargetDependency */,
			);
			name = jukebox2PackageTests;
			productName = jukebox2PackageTests;
		};
/* End PBXAggregateTarget section */

/* Begin PBXBuildFile section */
		OBJ_100 /* InputOrigin.swift in Sources */ = {isa = PBXBuildFile; fileRef = OBJ_41 /* InputOrigin.swift */; };
		OBJ_101 /* Name.swift in Sources */ = {isa = PBXBuildFile; fileRef = OBJ_42 /* Name.swift */; };
		OBJ_102 /* Parsed.swift in Sources */ = {isa = PBXBuildFile; fileRef = OBJ_43 /* Parsed.swift */; };
		OBJ_103 /* ParsedValues.swift in Sources */ = {isa = PBXBuildFile; fileRef = OBJ_44 /* ParsedValues.swift */; };
		OBJ_104 /* ParserError.swift in Sources */ = {isa = PBXBuildFile; fileRef = OBJ_45 /* ParserError.swift */; };
		OBJ_105 /* SplitArguments.swift in Sources */ = {isa = PBXBuildFile; fileRef = OBJ_46 /* SplitArguments.swift */; };
		OBJ_106 /* HelpCommand.swift in Sources */ = {isa = PBXBuildFile; fileRef = OBJ_48 /* HelpCommand.swift */; };
		OBJ_107 /* HelpGenerator.swift in Sources */ = {isa = PBXBuildFile; fileRef = OBJ_49 /* HelpGenerator.swift */; };
		OBJ_108 /* MessageInfo.swift in Sources */ = {isa = PBXBuildFile; fileRef = OBJ_50 /* MessageInfo.swift */; };
		OBJ_109 /* UsageGenerator.swift in Sources */ = {isa = PBXBuildFile; fileRef = OBJ_51 /* UsageGenerator.swift */; };
		OBJ_110 /* SequenceExtensions.swift in Sources */ = {isa = PBXBuildFile; fileRef = OBJ_53 /* SequenceExtensions.swift */; };
		OBJ_111 /* StringExtensions.swift in Sources */ = {isa = PBXBuildFile; fileRef = OBJ_54 /* StringExtensions.swift */; };
		OBJ_112 /* Tree.swift in Sources */ = {isa = PBXBuildFile; fileRef = OBJ_55 /* Tree.swift */; };
		OBJ_119 /* Actor.swift in Sources */ = {isa = PBXBuildFile; fileRef = OBJ_59 /* Actor.swift */; };
		OBJ_120 /* Atomics.swift in Sources */ = {isa = PBXBuildFile; fileRef = OBJ_60 /* Atomics.swift */; };
		OBJ_121 /* Behavior.swift in Sources */ = {isa = PBXBuildFile; fileRef = OBJ_61 /* Behavior.swift */; };
		OBJ_122 /* Device.swift in Sources */ = {isa = PBXBuildFile; fileRef = OBJ_62 /* Device.swift */; };
		OBJ_123 /* Extensions.swift in Sources */ = {isa = PBXBuildFile; fileRef = OBJ_63 /* Extensions.swift */; };
		OBJ_124 /* Flowable.swift in Sources */ = {isa = PBXBuildFile; fileRef = OBJ_64 /* Flowable.swift */; };
		OBJ_125 /* Flynn.swift in Sources */ = {isa = PBXBuildFile; fileRef = OBJ_65 /* Flynn.swift */; };
		OBJ_126 /* Profile.swift in Sources */ = {isa = PBXBuildFile; fileRef = OBJ_66 /* Profile.swift */; };
		OBJ_127 /* Queue.swift in Sources */ = {isa = PBXBuildFile; fileRef = OBJ_67 /* Queue.swift */; };
		OBJ_128 /* Scheduler.swift in Sources */ = {isa = PBXBuildFile; fileRef = OBJ_68 /* Scheduler.swift */; };
		OBJ_135 /* Package.swift in Sources */ = {isa = PBXBuildFile; fileRef = OBJ_69 /* Package.swift */; };
		OBJ_141 /* AudioIn.swift in Sources */ = {isa = PBXBuildFile; fileRef = OBJ_9 /* AudioIn.swift */; };
		OBJ_142 /* AudioOut.swift in Sources */ = {isa = PBXBuildFile; fileRef = OBJ_10 /* AudioOut.swift */; };
		OBJ_143 /* Lights.swift in Sources */ = {isa = PBXBuildFile; fileRef = OBJ_11 /* Lights.swift */; };
		OBJ_144 /* main.swift in Sources */ = {isa = PBXBuildFile; fileRef = OBJ_12 /* main.swift */; };
		OBJ_146 /* ArgumentParser.framework in Frameworks */ = {isa = PBXBuildFile; fileRef = "swift-argument-parser::ArgumentParser::Product" /* ArgumentParser.framework */; };
		OBJ_147 /* Flynn.framework in Frameworks */ = {isa = PBXBuildFile; fileRef = "Flynn::Flynn::Product" /* Flynn.framework */; };
		OBJ_155 /* Package.swift in Sources */ = {isa = PBXBuildFile; fileRef = OBJ_6 /* Package.swift */; };
		OBJ_166 /* XCTestManifests.swift in Sources */ = {isa = PBXBuildFile; fileRef = OBJ_15 /* XCTestManifests.swift */; };
		OBJ_167 /* jukebox2Tests.swift in Sources */ = {isa = PBXBuildFile; fileRef = OBJ_16 /* jukebox2Tests.swift */; };
		OBJ_169 /* ArgumentParser.framework in Frameworks */ = {isa = PBXBuildFile; fileRef = "swift-argument-parser::ArgumentParser::Product" /* ArgumentParser.framework */; };
		OBJ_170 /* Flynn.framework in Frameworks */ = {isa = PBXBuildFile; fileRef = "Flynn::Flynn::Product" /* Flynn.framework */; };
		OBJ_179 /* Package.swift in Sources */ = {isa = PBXBuildFile; fileRef = OBJ_56 /* Package.swift */; };
		OBJ_82 /* Argument.swift in Sources */ = {isa = PBXBuildFile; fileRef = OBJ_21 /* Argument.swift */; };
		OBJ_83 /* ArgumentHelp.swift in Sources */ = {isa = PBXBuildFile; fileRef = OBJ_22 /* ArgumentHelp.swift */; };
		OBJ_84 /* Errors.swift in Sources */ = {isa = PBXBuildFile; fileRef = OBJ_23 /* Errors.swift */; };
		OBJ_85 /* Flag.swift in Sources */ = {isa = PBXBuildFile; fileRef = OBJ_24 /* Flag.swift */; };
		OBJ_86 /* NameSpecification.swift in Sources */ = {isa = PBXBuildFile; fileRef = OBJ_25 /* NameSpecification.swift */; };
		OBJ_87 /* Option.swift in Sources */ = {isa = PBXBuildFile; fileRef = OBJ_26 /* Option.swift */; };
		OBJ_88 /* OptionGroup.swift in Sources */ = {isa = PBXBuildFile; fileRef = OBJ_27 /* OptionGroup.swift */; };
		OBJ_89 /* CommandConfiguration.swift in Sources */ = {isa = PBXBuildFile; fileRef = OBJ_29 /* CommandConfiguration.swift */; };
		OBJ_90 /* EnumerableFlag.swift in Sources */ = {isa = PBXBuildFile; fileRef = OBJ_30 /* EnumerableFlag.swift */; };
		OBJ_91 /* ExpressibleByArgument.swift in Sources */ = {isa = PBXBuildFile; fileRef = OBJ_31 /* ExpressibleByArgument.swift */; };
		OBJ_92 /* ParsableArguments.swift in Sources */ = {isa = PBXBuildFile; fileRef = OBJ_32 /* ParsableArguments.swift */; };
		OBJ_93 /* ParsableArgumentsValidation.swift in Sources */ = {isa = PBXBuildFile; fileRef = OBJ_33 /* ParsableArgumentsValidation.swift */; };
		OBJ_94 /* ParsableCommand.swift in Sources */ = {isa = PBXBuildFile; fileRef = OBJ_34 /* ParsableCommand.swift */; };
		OBJ_95 /* ArgumentDecoder.swift in Sources */ = {isa = PBXBuildFile; fileRef = OBJ_36 /* ArgumentDecoder.swift */; };
		OBJ_96 /* ArgumentDefinition.swift in Sources */ = {isa = PBXBuildFile; fileRef = OBJ_37 /* ArgumentDefinition.swift */; };
		OBJ_97 /* ArgumentSet.swift in Sources */ = {isa = PBXBuildFile; fileRef = OBJ_38 /* ArgumentSet.swift */; };
		OBJ_98 /* ArgumentSetSequence.swift in Sources */ = {isa = PBXBuildFile; fileRef = OBJ_39 /* ArgumentSetSequence.swift */; };
		OBJ_99 /* CommandParser.swift in Sources */ = {isa = PBXBuildFile; fileRef = OBJ_40 /* CommandParser.swift */; };
/* End PBXBuildFile section */

/* Begin PBXContainerItemProxy section */
		463D6AB424B6422700EA4F85 /* PBXContainerItemProxy */ = {
			isa = PBXContainerItemProxy;
			containerPortal = OBJ_1 /* Project object */;
			proxyType = 1;
			remoteGlobalIDString = "swift-argument-parser::ArgumentParser";
			remoteInfo = ArgumentParser;
		};
		463D6AB524B6422700EA4F85 /* PBXContainerItemProxy */ = {
			isa = PBXContainerItemProxy;
			containerPortal = OBJ_1 /* Project object */;
			proxyType = 1;
			remoteGlobalIDString = "Flynn::Flynn";
			remoteInfo = Flynn;
		};
		463D6AB624B6422700EA4F85 /* PBXContainerItemProxy */ = {
			isa = PBXContainerItemProxy;
			containerPortal = OBJ_1 /* Project object */;
			proxyType = 1;
			remoteGlobalIDString = "jukebox2::jukebox2";
			remoteInfo = jukebox2;
		};
		463D6AB724B6422700EA4F85 /* PBXContainerItemProxy */ = {
			isa = PBXContainerItemProxy;
			containerPortal = OBJ_1 /* Project object */;
			proxyType = 1;
			remoteGlobalIDString = "swift-argument-parser::ArgumentParser";
			remoteInfo = ArgumentParser;
		};
		463D6AB824B6422700EA4F85 /* PBXContainerItemProxy */ = {
			isa = PBXContainerItemProxy;
			containerPortal = OBJ_1 /* Project object */;
			proxyType = 1;
			remoteGlobalIDString = "Flynn::Flynn";
			remoteInfo = Flynn;
		};
		463D6AB924B6422800EA4F85 /* PBXContainerItemProxy */ = {
			isa = PBXContainerItemProxy;
			containerPortal = OBJ_1 /* Project object */;
			proxyType = 1;
			remoteGlobalIDString = "jukebox2::jukebox2Tests";
			remoteInfo = jukebox2Tests;
		};
/* End PBXContainerItemProxy section */

/* Begin PBXFileReference section */
		"Flynn::Flynn::Product" /* Flynn.framework */ = {isa = PBXFileReference; lastKnownFileType = wrapper.framework; path = Flynn.framework; sourceTree = BUILT_PRODUCTS_DIR; };
		OBJ_10 /* AudioOut.swift */ = {isa = PBXFileReference; lastKnownFileType = sourcecode.swift; path = AudioOut.swift; sourceTree = "<group>"; };
		OBJ_11 /* Lights.swift */ = {isa = PBXFileReference; lastKnownFileType = sourcecode.swift; path = Lights.swift; sourceTree = "<group>"; };
		OBJ_12 /* main.swift */ = {isa = PBXFileReference; lastKnownFileType = sourcecode.swift; path = main.swift; sourceTree = "<group>"; };
		OBJ_15 /* XCTestManifests.swift */ = {isa = PBXFileReference; lastKnownFileType = sourcecode.swift; path = XCTestManifests.swift; sourceTree = "<group>"; };
		OBJ_16 /* jukebox2Tests.swift */ = {isa = PBXFileReference; lastKnownFileType = sourcecode.swift; path = jukebox2Tests.swift; sourceTree = "<group>"; };
		OBJ_21 /* Argument.swift */ = {isa = PBXFileReference; lastKnownFileType = sourcecode.swift; path = Argument.swift; sourceTree = "<group>"; };
		OBJ_22 /* ArgumentHelp.swift */ = {isa = PBXFileReference; lastKnownFileType = sourcecode.swift; path = ArgumentHelp.swift; sourceTree = "<group>"; };
		OBJ_23 /* Errors.swift */ = {isa = PBXFileReference; lastKnownFileType = sourcecode.swift; path = Errors.swift; sourceTree = "<group>"; };
		OBJ_24 /* Flag.swift */ = {isa = PBXFileReference; lastKnownFileType = sourcecode.swift; path = Flag.swift; sourceTree = "<group>"; };
		OBJ_25 /* NameSpecification.swift */ = {isa = PBXFileReference; lastKnownFileType = sourcecode.swift; path = NameSpecification.swift; sourceTree = "<group>"; };
		OBJ_26 /* Option.swift */ = {isa = PBXFileReference; lastKnownFileType = sourcecode.swift; path = Option.swift; sourceTree = "<group>"; };
		OBJ_27 /* OptionGroup.swift */ = {isa = PBXFileReference; lastKnownFileType = sourcecode.swift; path = OptionGroup.swift; sourceTree = "<group>"; };
		OBJ_29 /* CommandConfiguration.swift */ = {isa = PBXFileReference; lastKnownFileType = sourcecode.swift; path = CommandConfiguration.swift; sourceTree = "<group>"; };
		OBJ_30 /* EnumerableFlag.swift */ = {isa = PBXFileReference; lastKnownFileType = sourcecode.swift; path = EnumerableFlag.swift; sourceTree = "<group>"; };
		OBJ_31 /* ExpressibleByArgument.swift */ = {isa = PBXFileReference; lastKnownFileType = sourcecode.swift; path = ExpressibleByArgument.swift; sourceTree = "<group>"; };
		OBJ_32 /* ParsableArguments.swift */ = {isa = PBXFileReference; lastKnownFileType = sourcecode.swift; path = ParsableArguments.swift; sourceTree = "<group>"; };
		OBJ_33 /* ParsableArgumentsValidation.swift */ = {isa = PBXFileReference; lastKnownFileType = sourcecode.swift; path = ParsableArgumentsValidation.swift; sourceTree = "<group>"; };
		OBJ_34 /* ParsableCommand.swift */ = {isa = PBXFileReference; lastKnownFileType = sourcecode.swift; path = ParsableCommand.swift; sourceTree = "<group>"; };
		OBJ_36 /* ArgumentDecoder.swift */ = {isa = PBXFileReference; lastKnownFileType = sourcecode.swift; path = ArgumentDecoder.swift; sourceTree = "<group>"; };
		OBJ_37 /* ArgumentDefinition.swift */ = {isa = PBXFileReference; lastKnownFileType = sourcecode.swift; path = ArgumentDefinition.swift; sourceTree = "<group>"; };
		OBJ_38 /* ArgumentSet.swift */ = {isa = PBXFileReference; lastKnownFileType = sourcecode.swift; path = ArgumentSet.swift; sourceTree = "<group>"; };
		OBJ_39 /* ArgumentSetSequence.swift */ = {isa = PBXFileReference; lastKnownFileType = sourcecode.swift; path = ArgumentSetSequence.swift; sourceTree = "<group>"; };
		OBJ_40 /* CommandParser.swift */ = {isa = PBXFileReference; lastKnownFileType = sourcecode.swift; path = CommandParser.swift; sourceTree = "<group>"; };
		OBJ_41 /* InputOrigin.swift */ = {isa = PBXFileReference; lastKnownFileType = sourcecode.swift; path = InputOrigin.swift; sourceTree = "<group>"; };
		OBJ_42 /* Name.swift */ = {isa = PBXFileReference; lastKnownFileType = sourcecode.swift; path = Name.swift; sourceTree = "<group>"; };
		OBJ_43 /* Parsed.swift */ = {isa = PBXFileReference; lastKnownFileType = sourcecode.swift; path = Parsed.swift; sourceTree = "<group>"; };
		OBJ_44 /* ParsedValues.swift */ = {isa = PBXFileReference; lastKnownFileType = sourcecode.swift; path = ParsedValues.swift; sourceTree = "<group>"; };
		OBJ_45 /* ParserError.swift */ = {isa = PBXFileReference; lastKnownFileType = sourcecode.swift; path = ParserError.swift; sourceTree = "<group>"; };
		OBJ_46 /* SplitArguments.swift */ = {isa = PBXFileReference; lastKnownFileType = sourcecode.swift; path = SplitArguments.swift; sourceTree = "<group>"; };
		OBJ_48 /* HelpCommand.swift */ = {isa = PBXFileReference; lastKnownFileType = sourcecode.swift; path = HelpCommand.swift; sourceTree = "<group>"; };
		OBJ_49 /* HelpGenerator.swift */ = {isa = PBXFileReference; lastKnownFileType = sourcecode.swift; path = HelpGenerator.swift; sourceTree = "<group>"; };
		OBJ_50 /* MessageInfo.swift */ = {isa = PBXFileReference; lastKnownFileType = sourcecode.swift; path = MessageInfo.swift; sourceTree = "<group>"; };
		OBJ_51 /* UsageGenerator.swift */ = {isa = PBXFileReference; lastKnownFileType = sourcecode.swift; path = UsageGenerator.swift; sourceTree = "<group>"; };
		OBJ_53 /* SequenceExtensions.swift */ = {isa = PBXFileReference; lastKnownFileType = sourcecode.swift; path = SequenceExtensions.swift; sourceTree = "<group>"; };
		OBJ_54 /* StringExtensions.swift */ = {isa = PBXFileReference; lastKnownFileType = sourcecode.swift; path = StringExtensions.swift; sourceTree = "<group>"; };
		OBJ_55 /* Tree.swift */ = {isa = PBXFileReference; lastKnownFileType = sourcecode.swift; path = Tree.swift; sourceTree = "<group>"; };
		OBJ_56 /* Package.swift */ = {isa = PBXFileReference; explicitFileType = sourcecode.swift; name = Package.swift; path = "/Volumes/Development/Development/chimerasw2/jukebox2/.build/checkouts/swift-argument-parser/Package.swift"; sourceTree = "<group>"; };
		OBJ_59 /* Actor.swift */ = {isa = PBXFileReference; lastKnownFileType = sourcecode.swift; path = Actor.swift; sourceTree = "<group>"; };
		OBJ_6 /* Package.swift */ = {isa = PBXFileReference; explicitFileType = sourcecode.swift; path = Package.swift; sourceTree = "<group>"; };
		OBJ_60 /* Atomics.swift */ = {isa = PBXFileReference; lastKnownFileType = sourcecode.swift; path = Atomics.swift; sourceTree = "<group>"; };
		OBJ_61 /* Behavior.swift */ = {isa = PBXFileReference; lastKnownFileType = sourcecode.swift; path = Behavior.swift; sourceTree = "<group>"; };
		OBJ_62 /* Device.swift */ = {isa = PBXFileReference; lastKnownFileType = sourcecode.swift; path = Device.swift; sourceTree = "<group>"; };
		OBJ_63 /* Extensions.swift */ = {isa = PBXFileReference; lastKnownFileType = sourcecode.swift; path = Extensions.swift; sourceTree = "<group>"; };
		OBJ_64 /* Flowable.swift */ = {isa = PBXFileReference; lastKnownFileType = sourcecode.swift; path = Flowable.swift; sourceTree = "<group>"; };
		OBJ_65 /* Flynn.swift */ = {isa = PBXFileReference; lastKnownFileType = sourcecode.swift; path = Flynn.swift; sourceTree = "<group>"; };
		OBJ_66 /* Profile.swift */ = {isa = PBXFileReference; lastKnownFileType = sourcecode.swift; path = Profile.swift; sourceTree = "<group>"; };
		OBJ_67 /* Queue.swift */ = {isa = PBXFileReference; lastKnownFileType = sourcecode.swift; path = Queue.swift; sourceTree = "<group>"; };
		OBJ_68 /* Scheduler.swift */ = {isa = PBXFileReference; lastKnownFileType = sourcecode.swift; path = Scheduler.swift; sourceTree = "<group>"; };
		OBJ_69 /* Package.swift */ = {isa = PBXFileReference; explicitFileType = sourcecode.swift; name = Package.swift; path = /Volumes/Development/Development/chimerasw2/jukebox2/.build/checkouts/Flynn/Package.swift; sourceTree = "<group>"; };
		OBJ_75 /* Makefile */ = {isa = PBXFileReference; lastKnownFileType = sourcecode.make; path = Makefile; sourceTree = "<group>"; };
		OBJ_76 /* README.md */ = {isa = PBXFileReference; lastKnownFileType = net.daringfireball.markdown; path = README.md; sourceTree = "<group>"; };
		OBJ_9 /* AudioIn.swift */ = {isa = PBXFileReference; lastKnownFileType = sourcecode.swift; path = AudioIn.swift; sourceTree = "<group>"; };
		"jukebox2::jukebox2::Product" /* jukebox2 */ = {isa = PBXFileReference; lastKnownFileType = text; path = jukebox2; sourceTree = BUILT_PRODUCTS_DIR; };
		"jukebox2::jukebox2Tests::Product" /* jukebox2Tests.xctest */ = {isa = PBXFileReference; lastKnownFileType = file; path = jukebox2Tests.xctest; sourceTree = BUILT_PRODUCTS_DIR; };
		"swift-argument-parser::ArgumentParser::Product" /* ArgumentParser.framework */ = {isa = PBXFileReference; lastKnownFileType = wrapper.framework; path = ArgumentParser.framework; sourceTree = BUILT_PRODUCTS_DIR; };
/* End PBXFileReference section */

/* Begin PBXFrameworksBuildPhase section */
		OBJ_113 /* Frameworks */ = {
			isa = PBXFrameworksBuildPhase;
			buildActionMask = 0;
			files = (
			);
			runOnlyForDeploymentPostprocessing = 0;
		};
		OBJ_129 /* Frameworks */ = {
			isa = PBXFrameworksBuildPhase;
			buildActionMask = 0;
			files = (
			);
			runOnlyForDeploymentPostprocessing = 0;
		};
		OBJ_145 /* Frameworks */ = {
			isa = PBXFrameworksBuildPhase;
			buildActionMask = 0;
			files = (
				OBJ_146 /* ArgumentParser.framework in Frameworks */,
				OBJ_147 /* Flynn.framework in Frameworks */,
			);
			runOnlyForDeploymentPostprocessing = 0;
		};
		OBJ_168 /* Frameworks */ = {
			isa = PBXFrameworksBuildPhase;
			buildActionMask = 0;
			files = (
				OBJ_169 /* ArgumentParser.framework in Frameworks */,
				OBJ_170 /* Flynn.framework in Frameworks */,
			);
			runOnlyForDeploymentPostprocessing = 0;
		};
/* End PBXFrameworksBuildPhase section */

/* Begin PBXGroup section */
		OBJ_13 /* Tests */ = {
			isa = PBXGroup;
			children = (
				OBJ_14 /* jukebox2Tests */,
			);
			name = Tests;
			sourceTree = SOURCE_ROOT;
		};
		OBJ_14 /* jukebox2Tests */ = {
			isa = PBXGroup;
			children = (
				OBJ_15 /* XCTestManifests.swift */,
				OBJ_16 /* jukebox2Tests.swift */,
			);
			name = jukebox2Tests;
			path = Tests/jukebox2Tests;
			sourceTree = SOURCE_ROOT;
		};
		OBJ_17 /* Dependencies */ = {
			isa = PBXGroup;
			children = (
				OBJ_18 /* swift-argument-parser 0.2.0 */,
				OBJ_57 /* Flynn */,
			);
			name = Dependencies;
			sourceTree = "<group>";
		};
		OBJ_18 /* swift-argument-parser 0.2.0 */ = {
			isa = PBXGroup;
			children = (
				OBJ_19 /* ArgumentParser */,
				OBJ_56 /* Package.swift */,
			);
			name = "swift-argument-parser 0.2.0";
			sourceTree = SOURCE_ROOT;
		};
		OBJ_19 /* ArgumentParser */ = {
			isa = PBXGroup;
			children = (
				OBJ_20 /* Parsable Properties */,
				OBJ_28 /* Parsable Types */,
				OBJ_35 /* Parsing */,
				OBJ_47 /* Usage */,
				OBJ_52 /* Utilities */,
			);
			name = ArgumentParser;
			path = ".build/checkouts/swift-argument-parser/Sources/ArgumentParser";
			sourceTree = SOURCE_ROOT;
		};
		OBJ_20 /* Parsable Properties */ = {
			isa = PBXGroup;
			children = (
				OBJ_21 /* Argument.swift */,
				OBJ_22 /* ArgumentHelp.swift */,
				OBJ_23 /* Errors.swift */,
				OBJ_24 /* Flag.swift */,
				OBJ_25 /* NameSpecification.swift */,
				OBJ_26 /* Option.swift */,
				OBJ_27 /* OptionGroup.swift */,
			);
			path = "Parsable Properties";
			sourceTree = "<group>";
		};
		OBJ_28 /* Parsable Types */ = {
			isa = PBXGroup;
			children = (
				OBJ_29 /* CommandConfiguration.swift */,
				OBJ_30 /* EnumerableFlag.swift */,
				OBJ_31 /* ExpressibleByArgument.swift */,
				OBJ_32 /* ParsableArguments.swift */,
				OBJ_33 /* ParsableArgumentsValidation.swift */,
				OBJ_34 /* ParsableCommand.swift */,
			);
			path = "Parsable Types";
			sourceTree = "<group>";
		};
		OBJ_35 /* Parsing */ = {
			isa = PBXGroup;
			children = (
				OBJ_36 /* ArgumentDecoder.swift */,
				OBJ_37 /* ArgumentDefinition.swift */,
				OBJ_38 /* ArgumentSet.swift */,
				OBJ_39 /* ArgumentSetSequence.swift */,
				OBJ_40 /* CommandParser.swift */,
				OBJ_41 /* InputOrigin.swift */,
				OBJ_42 /* Name.swift */,
				OBJ_43 /* Parsed.swift */,
				OBJ_44 /* ParsedValues.swift */,
				OBJ_45 /* ParserError.swift */,
				OBJ_46 /* SplitArguments.swift */,
			);
			path = Parsing;
			sourceTree = "<group>";
		};
		OBJ_47 /* Usage */ = {
			isa = PBXGroup;
			children = (
				OBJ_48 /* HelpCommand.swift */,
				OBJ_49 /* HelpGenerator.swift */,
				OBJ_50 /* MessageInfo.swift */,
				OBJ_51 /* UsageGenerator.swift */,
			);
			path = Usage;
			sourceTree = "<group>";
		};
		OBJ_5 /*  */ = {
			isa = PBXGroup;
			children = (
				OBJ_6 /* Package.swift */,
				OBJ_7 /* Sources */,
				OBJ_13 /* Tests */,
				OBJ_17 /* Dependencies */,
				OBJ_70 /* Products */,
				OBJ_75 /* Makefile */,
				OBJ_76 /* README.md */,
			);
			name = "";
			sourceTree = "<group>";
		};
		OBJ_52 /* Utilities */ = {
			isa = PBXGroup;
			children = (
				OBJ_53 /* SequenceExtensions.swift */,
				OBJ_54 /* StringExtensions.swift */,
				OBJ_55 /* Tree.swift */,
			);
			path = Utilities;
			sourceTree = "<group>";
		};
		OBJ_57 /* Flynn */ = {
			isa = PBXGroup;
			children = (
				OBJ_58 /* Flynn */,
				OBJ_69 /* Package.swift */,
			);
			name = Flynn;
			sourceTree = SOURCE_ROOT;
		};
		OBJ_58 /* Flynn */ = {
			isa = PBXGroup;
			children = (
				OBJ_59 /* Actor.swift */,
				OBJ_60 /* Atomics.swift */,
				OBJ_61 /* Behavior.swift */,
				OBJ_62 /* Device.swift */,
				OBJ_63 /* Extensions.swift */,
				OBJ_64 /* Flowable.swift */,
				OBJ_65 /* Flynn.swift */,
				OBJ_66 /* Profile.swift */,
				OBJ_67 /* Queue.swift */,
				OBJ_68 /* Scheduler.swift */,
			);
			name = Flynn;
			path = .build/checkouts/Flynn/Sources/Flynn;
			sourceTree = SOURCE_ROOT;
		};
		OBJ_7 /* Sources */ = {
			isa = PBXGroup;
			children = (
				OBJ_8 /* jukebox2 */,
			);
			name = Sources;
			sourceTree = SOURCE_ROOT;
		};
		OBJ_70 /* Products */ = {
			isa = PBXGroup;
			children = (
				"jukebox2::jukebox2Tests::Product" /* jukebox2Tests.xctest */,
				"jukebox2::jukebox2::Product" /* jukebox2 */,
				"Flynn::Flynn::Product" /* Flynn.framework */,
				"swift-argument-parser::ArgumentParser::Product" /* ArgumentParser.framework */,
			);
			name = Products;
			sourceTree = BUILT_PRODUCTS_DIR;
		};
		OBJ_8 /* jukebox2 */ = {
			isa = PBXGroup;
			children = (
				OBJ_9 /* AudioIn.swift */,
				OBJ_10 /* AudioOut.swift */,
				OBJ_11 /* Lights.swift */,
				OBJ_12 /* main.swift */,
			);
			name = jukebox2;
			path = Sources/jukebox2;
			sourceTree = SOURCE_ROOT;
		};
/* End PBXGroup section */

/* Begin PBXNativeTarget section */
		"Flynn::Flynn" /* Flynn */ = {
			isa = PBXNativeTarget;
			buildConfigurationList = OBJ_115 /* Build configuration list for PBXNativeTarget "Flynn" */;
			buildPhases = (
				OBJ_118 /* Sources */,
				OBJ_129 /* Frameworks */,
			);
			buildRules = (
			);
			dependencies = (
			);
			name = Flynn;
			productName = Flynn;
			productReference = "Flynn::Flynn::Product" /* Flynn.framework */;
			productType = "com.apple.product-type.framework";
		};
		"Flynn::SwiftPMPackageDescription" /* FlynnPackageDescription */ = {
			isa = PBXNativeTarget;
			buildConfigurationList = OBJ_131 /* Build configuration list for PBXNativeTarget "FlynnPackageDescription" */;
			buildPhases = (
				OBJ_134 /* Sources */,
			);
			buildRules = (
			);
			dependencies = (
			);
			name = FlynnPackageDescription;
			productName = FlynnPackageDescription;
			productType = "com.apple.product-type.framework";
		};
		"jukebox2::SwiftPMPackageDescription" /* jukebox2PackageDescription */ = {
			isa = PBXNativeTarget;
			buildConfigurationList = OBJ_151 /* Build configuration list for PBXNativeTarget "jukebox2PackageDescription" */;
			buildPhases = (
				OBJ_154 /* Sources */,
			);
			buildRules = (
			);
			dependencies = (
			);
			name = jukebox2PackageDescription;
			productName = jukebox2PackageDescription;
			productType = "com.apple.product-type.framework";
		};
		"jukebox2::jukebox2" /* jukebox2 */ = {
			isa = PBXNativeTarget;
			buildConfigurationList = OBJ_137 /* Build configuration list for PBXNativeTarget "jukebox2" */;
			buildPhases = (
				463D6ABA24B6422A00EA4F85 /* FlynnLint */,
				463D6ABB24B6422B00EA4F85 /* SwiftLint */,
				OBJ_140 /* Sources */,
				OBJ_145 /* Frameworks */,
			);
			buildRules = (
			);
			dependencies = (
				OBJ_148 /* PBXTargetDependency */,
				OBJ_149 /* PBXTargetDependency */,
			);
			name = jukebox2;
			productName = jukebox2;
			productReference = "jukebox2::jukebox2::Product" /* jukebox2 */;
			productType = "com.apple.product-type.tool";
		};
		"jukebox2::jukebox2Tests" /* jukebox2Tests */ = {
			isa = PBXNativeTarget;
			buildConfigurationList = OBJ_162 /* Build configuration list for PBXNativeTarget "jukebox2Tests" */;
			buildPhases = (
				OBJ_165 /* Sources */,
				OBJ_168 /* Frameworks */,
			);
			buildRules = (
			);
			dependencies = (
				OBJ_171 /* PBXTargetDependency */,
				OBJ_172 /* PBXTargetDependency */,
				OBJ_173 /* PBXTargetDependency */,
			);
			name = jukebox2Tests;
			productName = jukebox2Tests;
			productReference = "jukebox2::jukebox2Tests::Product" /* jukebox2Tests.xctest */;
			productType = "com.apple.product-type.bundle.unit-test";
		};
		"swift-argument-parser::ArgumentParser" /* ArgumentParser */ = {
			isa = PBXNativeTarget;
			buildConfigurationList = OBJ_78 /* Build configuration list for PBXNativeTarget "ArgumentParser" */;
			buildPhases = (
				OBJ_81 /* Sources */,
				OBJ_113 /* Frameworks */,
			);
			buildRules = (
			);
			dependencies = (
			);
			name = ArgumentParser;
			productName = ArgumentParser;
			productReference = "swift-argument-parser::ArgumentParser::Product" /* ArgumentParser.framework */;
			productType = "com.apple.product-type.framework";
		};
		"swift-argument-parser::SwiftPMPackageDescription" /* swift-argument-parserPackageDescription */ = {
			isa = PBXNativeTarget;
			buildConfigurationList = OBJ_175 /* Build configuration list for PBXNativeTarget "swift-argument-parserPackageDescription" */;
			buildPhases = (
				OBJ_178 /* Sources */,
			);
			buildRules = (
			);
			dependencies = (
			);
			name = "swift-argument-parserPackageDescription";
			productName = "swift-argument-parserPackageDescription";
			productType = "com.apple.product-type.framework";
		};
/* End PBXNativeTarget section */

/* Begin PBXProject section */
		OBJ_1 /* Project object */ = {
			isa = PBXProject;
			attributes = {
				LastSwiftMigration = 9999;
				LastUpgradeCheck = 9999;
			};
			buildConfigurationList = OBJ_2 /* Build configuration list for PBXProject "jukebox2" */;
			compatibilityVersion = "Xcode 3.2";
			developmentRegion = en;
			hasScannedForEncodings = 0;
			knownRegions = (
				en,
			);
			mainGroup = OBJ_5 /*  */;
			productRefGroup = OBJ_70 /* Products */;
			projectDirPath = "";
			projectRoot = "";
			targets = (
				"swift-argument-parser::ArgumentParser" /* ArgumentParser */,
				"Flynn::Flynn" /* Flynn */,
				"Flynn::SwiftPMPackageDescription" /* FlynnPackageDescription */,
				"jukebox2::jukebox2" /* jukebox2 */,
				"jukebox2::SwiftPMPackageDescription" /* jukebox2PackageDescription */,
				"jukebox2::jukebox2PackageTests::ProductTarget" /* jukebox2PackageTests */,
				"jukebox2::jukebox2Tests" /* jukebox2Tests */,
				"swift-argument-parser::SwiftPMPackageDescription" /* swift-argument-parserPackageDescription */,
			);
		};
/* End PBXProject section */

/* Begin PBXShellScriptBuildPhase section */
		463D6ABA24B6422A00EA4F85 /* FlynnLint */ = {
			isa = PBXShellScriptBuildPhase;
			buildActionMask = 2147483647;
			files = (
			);
			inputFileListPaths = (
			);
			inputPaths = (
			);
			name = FlynnLint;
			outputFileListPaths = (
			);
			outputPaths = (
			);
			runOnlyForDeploymentPostprocessing = 0;
			shellPath = /bin/sh;
			shellScript = "FLYNNLINTSWIFTPM=${SRCROOT}/.build/checkouts/flynn/meta/FlynnLint\nFLYNNLINTXCODE=${BUILD_ROOT}/../../SourcePackages/checkouts/flynn/meta/FlynnLint\n\nif [ -f \"${FLYNNLINTSWIFTPM}\" ]; then\n    ${FLYNNLINTSWIFTPM} ${SRCROOT}\nelif [ -f \"${FLYNNLINTXCODE}\" ]; then\n    ${FLYNNLINTXCODE} ${SRCROOT}\nelse\n    echo \"warning: Unable to find FlynnLint, aborting...\"\nfi\n";
		};
		463D6ABB24B6422B00EA4F85 /* SwiftLint */ = {
			isa = PBXShellScriptBuildPhase;
			buildActionMask = 2147483647;
			files = (
			);
			inputFileListPaths = (
			);
			inputPaths = (
			);
			name = SwiftLint;
			outputFileListPaths = (
			);
			outputPaths = (
			);
			runOnlyForDeploymentPostprocessing = 0;
			shellPath = /bin/sh;
			shellScript = "if which swiftlint >/dev/null; then\n  swiftlint autocorrect --path ${SRCROOT}/Sources/\n  swiftlint --path ${SRCROOT}/Sources/\nelse\n  echo \"warning: SwiftLint not installed, download from https://github.com/realm/SwiftLint\"\nfi\n";
		};
/* End PBXShellScriptBuildPhase section */

/* Begin PBXSourcesBuildPhase section */
		OBJ_118 /* Sources */ = {
			isa = PBXSourcesBuildPhase;
			buildActionMask = 0;
			files = (
				OBJ_119 /* Actor.swift in Sources */,
				OBJ_120 /* Atomics.swift in Sources */,
				OBJ_121 /* Behavior.swift in Sources */,
				OBJ_122 /* Device.swift in Sources */,
				OBJ_123 /* Extensions.swift in Sources */,
				OBJ_124 /* Flowable.swift in Sources */,
				OBJ_125 /* Flynn.swift in Sources */,
				OBJ_126 /* Profile.swift in Sources */,
				OBJ_127 /* Queue.swift in Sources */,
				OBJ_128 /* Scheduler.swift in Sources */,
			);
			runOnlyForDeploymentPostprocessing = 0;
		};
		OBJ_134 /* Sources */ = {
			isa = PBXSourcesBuildPhase;
			buildActionMask = 0;
			files = (
				OBJ_135 /* Package.swift in Sources */,
			);
			runOnlyForDeploymentPostprocessing = 0;
		};
		OBJ_140 /* Sources */ = {
			isa = PBXSourcesBuildPhase;
			buildActionMask = 0;
			files = (
				OBJ_141 /* AudioIn.swift in Sources */,
				OBJ_142 /* AudioOut.swift in Sources */,
				OBJ_143 /* Lights.swift in Sources */,
				OBJ_144 /* main.swift in Sources */,
			);
			runOnlyForDeploymentPostprocessing = 0;
		};
		OBJ_154 /* Sources */ = {
			isa = PBXSourcesBuildPhase;
			buildActionMask = 0;
			files = (
				OBJ_155 /* Package.swift in Sources */,
			);
			runOnlyForDeploymentPostprocessing = 0;
		};
		OBJ_165 /* Sources */ = {
			isa = PBXSourcesBuildPhase;
			buildActionMask = 0;
			files = (
				OBJ_166 /* XCTestManifests.swift in Sources */,
				OBJ_167 /* jukebox2Tests.swift in Sources */,
			);
			runOnlyForDeploymentPostprocessing = 0;
		};
		OBJ_178 /* Sources */ = {
			isa = PBXSourcesBuildPhase;
			buildActionMask = 0;
			files = (
				OBJ_179 /* Package.swift in Sources */,
			);
			runOnlyForDeploymentPostprocessing = 0;
		};
		OBJ_81 /* Sources */ = {
			isa = PBXSourcesBuildPhase;
			buildActionMask = 0;
			files = (
				OBJ_82 /* Argument.swift in Sources */,
				OBJ_83 /* ArgumentHelp.swift in Sources */,
				OBJ_84 /* Errors.swift in Sources */,
				OBJ_85 /* Flag.swift in Sources */,
				OBJ_86 /* NameSpecification.swift in Sources */,
				OBJ_87 /* Option.swift in Sources */,
				OBJ_88 /* OptionGroup.swift in Sources */,
				OBJ_89 /* CommandConfiguration.swift in Sources */,
				OBJ_90 /* EnumerableFlag.swift in Sources */,
				OBJ_91 /* ExpressibleByArgument.swift in Sources */,
				OBJ_92 /* ParsableArguments.swift in Sources */,
				OBJ_93 /* ParsableArgumentsValidation.swift in Sources */,
				OBJ_94 /* ParsableCommand.swift in Sources */,
				OBJ_95 /* ArgumentDecoder.swift in Sources */,
				OBJ_96 /* ArgumentDefinition.swift in Sources */,
				OBJ_97 /* ArgumentSet.swift in Sources */,
				OBJ_98 /* ArgumentSetSequence.swift in Sources */,
				OBJ_99 /* CommandParser.swift in Sources */,
				OBJ_100 /* InputOrigin.swift in Sources */,
				OBJ_101 /* Name.swift in Sources */,
				OBJ_102 /* Parsed.swift in Sources */,
				OBJ_103 /* ParsedValues.swift in Sources */,
				OBJ_104 /* ParserError.swift in Sources */,
				OBJ_105 /* SplitArguments.swift in Sources */,
				OBJ_106 /* HelpCommand.swift in Sources */,
				OBJ_107 /* HelpGenerator.swift in Sources */,
				OBJ_108 /* MessageInfo.swift in Sources */,
				OBJ_109 /* UsageGenerator.swift in Sources */,
				OBJ_110 /* SequenceExtensions.swift in Sources */,
				OBJ_111 /* StringExtensions.swift in Sources */,
				OBJ_112 /* Tree.swift in Sources */,
			);
			runOnlyForDeploymentPostprocessing = 0;
		};
/* End PBXSourcesBuildPhase section */

/* Begin PBXTargetDependency section */
		OBJ_148 /* PBXTargetDependency */ = {
			isa = PBXTargetDependency;
			target = "swift-argument-parser::ArgumentParser" /* ArgumentParser */;
			targetProxy = 463D6AB424B6422700EA4F85 /* PBXContainerItemProxy */;
		};
		OBJ_149 /* PBXTargetDependency */ = {
			isa = PBXTargetDependency;
			target = "Flynn::Flynn" /* Flynn */;
			targetProxy = 463D6AB524B6422700EA4F85 /* PBXContainerItemProxy */;
		};
		OBJ_160 /* PBXTargetDependency */ = {
			isa = PBXTargetDependency;
			target = "jukebox2::jukebox2Tests" /* jukebox2Tests */;
			targetProxy = 463D6AB924B6422800EA4F85 /* PBXContainerItemProxy */;
		};
		OBJ_171 /* PBXTargetDependency */ = {
			isa = PBXTargetDependency;
			target = "jukebox2::jukebox2" /* jukebox2 */;
			targetProxy = 463D6AB624B6422700EA4F85 /* PBXContainerItemProxy */;
		};
		OBJ_172 /* PBXTargetDependency */ = {
			isa = PBXTargetDependency;
			target = "swift-argument-parser::ArgumentParser" /* ArgumentParser */;
			targetProxy = 463D6AB724B6422700EA4F85 /* PBXContainerItemProxy */;
		};
		OBJ_173 /* PBXTargetDependency */ = {
			isa = PBXTargetDependency;
			target = "Flynn::Flynn" /* Flynn */;
			targetProxy = 463D6AB824B6422700EA4F85 /* PBXContainerItemProxy */;
		};
/* End PBXTargetDependency section */

/* Begin XCBuildConfiguration section */
		OBJ_116 /* Debug */ = {
			isa = XCBuildConfiguration;
			buildSettings = {
				ENABLE_TESTABILITY = YES;
				FRAMEWORK_SEARCH_PATHS = (
					"$(inherited)",
					"$(PLATFORM_DIR)/Developer/Library/Frameworks",
				);
				HEADER_SEARCH_PATHS = "$(inherited)";
				INFOPLIST_FILE = jukebox2.xcodeproj/Flynn_Info.plist;
				IPHONEOS_DEPLOYMENT_TARGET = 8.0;
				LD_RUNPATH_SEARCH_PATHS = "$(inherited) $(TOOLCHAIN_DIR)/usr/lib/swift/macosx";
				MACOSX_DEPLOYMENT_TARGET = 10.10;
				OTHER_CFLAGS = "$(inherited)";
				OTHER_LDFLAGS = "$(inherited)";
				OTHER_SWIFT_FLAGS = "$(inherited)";
				PRODUCT_BUNDLE_IDENTIFIER = Flynn;
				PRODUCT_MODULE_NAME = "$(TARGET_NAME:c99extidentifier)";
				PRODUCT_NAME = "$(TARGET_NAME:c99extidentifier)";
				SKIP_INSTALL = YES;
				SWIFT_ACTIVE_COMPILATION_CONDITIONS = "$(inherited)";
				SWIFT_VERSION = 5.0;
				TARGET_NAME = Flynn;
				TVOS_DEPLOYMENT_TARGET = 9.0;
				WATCHOS_DEPLOYMENT_TARGET = 2.0;
			};
			name = Debug;
		};
		OBJ_117 /* Release */ = {
			isa = XCBuildConfiguration;
			buildSettings = {
				ENABLE_TESTABILITY = YES;
				FRAMEWORK_SEARCH_PATHS = (
					"$(inherited)",
					"$(PLATFORM_DIR)/Developer/Library/Frameworks",
				);
				HEADER_SEARCH_PATHS = "$(inherited)";
				INFOPLIST_FILE = jukebox2.xcodeproj/Flynn_Info.plist;
				IPHONEOS_DEPLOYMENT_TARGET = 8.0;
				LD_RUNPATH_SEARCH_PATHS = "$(inherited) $(TOOLCHAIN_DIR)/usr/lib/swift/macosx";
				MACOSX_DEPLOYMENT_TARGET = 10.10;
				OTHER_CFLAGS = "$(inherited)";
				OTHER_LDFLAGS = "$(inherited)";
				OTHER_SWIFT_FLAGS = "$(inherited)";
				PRODUCT_BUNDLE_IDENTIFIER = Flynn;
				PRODUCT_MODULE_NAME = "$(TARGET_NAME:c99extidentifier)";
				PRODUCT_NAME = "$(TARGET_NAME:c99extidentifier)";
				SKIP_INSTALL = YES;
				SWIFT_ACTIVE_COMPILATION_CONDITIONS = "$(inherited)";
				SWIFT_VERSION = 5.0;
				TARGET_NAME = Flynn;
				TVOS_DEPLOYMENT_TARGET = 9.0;
				WATCHOS_DEPLOYMENT_TARGET = 2.0;
			};
			name = Release;
		};
		OBJ_132 /* Debug */ = {
			isa = XCBuildConfiguration;
			buildSettings = {
				LD = /usr/bin/true;
				OTHER_SWIFT_FLAGS = "-swift-version 5 -I $(TOOLCHAIN_DIR)/usr/lib/swift/pm/4_2 -target x86_64-apple-macosx10.10 -sdk /Applications/Xcode.app/Contents/Developer/Platforms/MacOSX.platform/Developer/SDKs/MacOSX10.15.sdk -package-description-version 5.0.0";
				SWIFT_VERSION = 5.0;
			};
			name = Debug;
		};
		OBJ_133 /* Release */ = {
			isa = XCBuildConfiguration;
			buildSettings = {
				LD = /usr/bin/true;
				OTHER_SWIFT_FLAGS = "-swift-version 5 -I $(TOOLCHAIN_DIR)/usr/lib/swift/pm/4_2 -target x86_64-apple-macosx10.10 -sdk /Applications/Xcode.app/Contents/Developer/Platforms/MacOSX.platform/Developer/SDKs/MacOSX10.15.sdk -package-description-version 5.0.0";
				SWIFT_VERSION = 5.0;
			};
			name = Release;
		};
		OBJ_138 /* Debug */ = {
			isa = XCBuildConfiguration;
			buildSettings = {
				FRAMEWORK_SEARCH_PATHS = (
					"$(inherited)",
					"$(PLATFORM_DIR)/Developer/Library/Frameworks",
				);
				HEADER_SEARCH_PATHS = "$(inherited)";
				INFOPLIST_FILE = jukebox2.xcodeproj/jukebox2_Info.plist;
				IPHONEOS_DEPLOYMENT_TARGET = 8.0;
				LD_RUNPATH_SEARCH_PATHS = "$(inherited) $(TOOLCHAIN_DIR)/usr/lib/swift/macosx @executable_path";
				MACOSX_DEPLOYMENT_TARGET = 10.10;
				OTHER_CFLAGS = "$(inherited)";
				OTHER_LDFLAGS = "$(inherited)";
				OTHER_SWIFT_FLAGS = "$(inherited)";
				SWIFT_ACTIVE_COMPILATION_CONDITIONS = "$(inherited)";
				SWIFT_FORCE_DYNAMIC_LINK_STDLIB = YES;
				SWIFT_FORCE_STATIC_LINK_STDLIB = NO;
				SWIFT_VERSION = 5.0;
				TARGET_NAME = jukebox2;
				TVOS_DEPLOYMENT_TARGET = 9.0;
				WATCHOS_DEPLOYMENT_TARGET = 2.0;
			};
			name = Debug;
		};
		OBJ_139 /* Release */ = {
			isa = XCBuildConfiguration;
			buildSettings = {
				FRAMEWORK_SEARCH_PATHS = (
					"$(inherited)",
					"$(PLATFORM_DIR)/Developer/Library/Frameworks",
				);
				HEADER_SEARCH_PATHS = "$(inherited)";
				INFOPLIST_FILE = jukebox2.xcodeproj/jukebox2_Info.plist;
				IPHONEOS_DEPLOYMENT_TARGET = 8.0;
				LD_RUNPATH_SEARCH_PATHS = "$(inherited) $(TOOLCHAIN_DIR)/usr/lib/swift/macosx @executable_path";
				MACOSX_DEPLOYMENT_TARGET = 10.10;
				OTHER_CFLAGS = "$(inherited)";
				OTHER_LDFLAGS = "$(inherited)";
				OTHER_SWIFT_FLAGS = "$(inherited)";
				SWIFT_ACTIVE_COMPILATION_CONDITIONS = "$(inherited)";
				SWIFT_FORCE_DYNAMIC_LINK_STDLIB = YES;
				SWIFT_FORCE_STATIC_LINK_STDLIB = NO;
				SWIFT_VERSION = 5.0;
				TARGET_NAME = jukebox2;
				TVOS_DEPLOYMENT_TARGET = 9.0;
				WATCHOS_DEPLOYMENT_TARGET = 2.0;
			};
			name = Release;
		};
		OBJ_152 /* Debug */ = {
			isa = XCBuildConfiguration;
			buildSettings = {
				LD = /usr/bin/true;
				OTHER_SWIFT_FLAGS = "-swift-version 5 -I $(TOOLCHAIN_DIR)/usr/lib/swift/pm/4_2 -target x86_64-apple-macosx10.10 -sdk /Applications/Xcode.app/Contents/Developer/Platforms/MacOSX.platform/Developer/SDKs/MacOSX10.15.sdk -package-description-version 5.2.0";
				SWIFT_VERSION = 5.0;
			};
			name = Debug;
		};
		OBJ_153 /* Release */ = {
			isa = XCBuildConfiguration;
			buildSettings = {
				LD = /usr/bin/true;
				OTHER_SWIFT_FLAGS = "-swift-version 5 -I $(TOOLCHAIN_DIR)/usr/lib/swift/pm/4_2 -target x86_64-apple-macosx10.10 -sdk /Applications/Xcode.app/Contents/Developer/Platforms/MacOSX.platform/Developer/SDKs/MacOSX10.15.sdk -package-description-version 5.2.0";
				SWIFT_VERSION = 5.0;
			};
			name = Release;
		};
		OBJ_158 /* Debug */ = {
			isa = XCBuildConfiguration;
			buildSettings = {
			};
			name = Debug;
		};
		OBJ_159 /* Release */ = {
			isa = XCBuildConfiguration;
			buildSettings = {
			};
			name = Release;
		};
		OBJ_163 /* Debug */ = {
			isa = XCBuildConfiguration;
			buildSettings = {
				CLANG_ENABLE_MODULES = YES;
				EMBEDDED_CONTENT_CONTAINS_SWIFT = YES;
				FRAMEWORK_SEARCH_PATHS = (
					"$(inherited)",
					"$(PLATFORM_DIR)/Developer/Library/Frameworks",
				);
				HEADER_SEARCH_PATHS = "$(inherited)";
				INFOPLIST_FILE = jukebox2.xcodeproj/jukebox2Tests_Info.plist;
				IPHONEOS_DEPLOYMENT_TARGET = 8.0;
				LD_RUNPATH_SEARCH_PATHS = "$(inherited) @loader_path/../Frameworks @loader_path/Frameworks";
				MACOSX_DEPLOYMENT_TARGET = 10.10;
				OTHER_CFLAGS = "$(inherited)";
				OTHER_LDFLAGS = "$(inherited)";
				OTHER_SWIFT_FLAGS = "$(inherited)";
				SWIFT_ACTIVE_COMPILATION_CONDITIONS = "$(inherited)";
				SWIFT_VERSION = 5.0;
				TARGET_NAME = jukebox2Tests;
				TVOS_DEPLOYMENT_TARGET = 9.0;
				WATCHOS_DEPLOYMENT_TARGET = 2.0;
			};
			name = Debug;
		};
		OBJ_164 /* Release */ = {
			isa = XCBuildConfiguration;
			buildSettings = {
				CLANG_ENABLE_MODULES = YES;
				EMBEDDED_CONTENT_CONTAINS_SWIFT = YES;
				FRAMEWORK_SEARCH_PATHS = (
					"$(inherited)",
					"$(PLATFORM_DIR)/Developer/Library/Frameworks",
				);
				HEADER_SEARCH_PATHS = "$(inherited)";
				INFOPLIST_FILE = jukebox2.xcodeproj/jukebox2Tests_Info.plist;
				IPHONEOS_DEPLOYMENT_TARGET = 8.0;
				LD_RUNPATH_SEARCH_PATHS = "$(inherited) @loader_path/../Frameworks @loader_path/Frameworks";
				MACOSX_DEPLOYMENT_TARGET = 10.10;
				OTHER_CFLAGS = "$(inherited)";
				OTHER_LDFLAGS = "$(inherited)";
				OTHER_SWIFT_FLAGS = "$(inherited)";
				SWIFT_ACTIVE_COMPILATION_CONDITIONS = "$(inherited)";
				SWIFT_VERSION = 5.0;
				TARGET_NAME = jukebox2Tests;
				TVOS_DEPLOYMENT_TARGET = 9.0;
				WATCHOS_DEPLOYMENT_TARGET = 2.0;
			};
			name = Release;
		};
		OBJ_176 /* Debug */ = {
			isa = XCBuildConfiguration;
			buildSettings = {
				LD = /usr/bin/true;
				OTHER_SWIFT_FLAGS = "-swift-version 5 -I $(TOOLCHAIN_DIR)/usr/lib/swift/pm/4_2 -target x86_64-apple-macosx10.10 -sdk /Applications/Xcode.app/Contents/Developer/Platforms/MacOSX.platform/Developer/SDKs/MacOSX10.15.sdk -package-description-version 5.2.0";
				SWIFT_VERSION = 5.0;
			};
			name = Debug;
		};
		OBJ_177 /* Release */ = {
			isa = XCBuildConfiguration;
			buildSettings = {
				LD = /usr/bin/true;
				OTHER_SWIFT_FLAGS = "-swift-version 5 -I $(TOOLCHAIN_DIR)/usr/lib/swift/pm/4_2 -target x86_64-apple-macosx10.10 -sdk /Applications/Xcode.app/Contents/Developer/Platforms/MacOSX.platform/Developer/SDKs/MacOSX10.15.sdk -package-description-version 5.2.0";
				SWIFT_VERSION = 5.0;
			};
			name = Release;
		};
		OBJ_3 /* Debug */ = {
			isa = XCBuildConfiguration;
			buildSettings = {
				CLANG_ENABLE_OBJC_ARC = YES;
				COMBINE_HIDPI_IMAGES = YES;
				COPY_PHASE_STRIP = NO;
				DEBUG_INFORMATION_FORMAT = dwarf;
				DYLIB_INSTALL_NAME_BASE = "@rpath";
				ENABLE_NS_ASSERTIONS = YES;
				GCC_OPTIMIZATION_LEVEL = 0;
				GCC_PREPROCESSOR_DEFINITIONS = (
					"$(inherited)",
					"SWIFT_PACKAGE=1",
					"DEBUG=1",
				);
				MACOSX_DEPLOYMENT_TARGET = 10.10;
				ONLY_ACTIVE_ARCH = YES;
				OTHER_SWIFT_FLAGS = "$(inherited) -DXcode";
				PRODUCT_NAME = "$(TARGET_NAME)";
				SDKROOT = macosx;
				SUPPORTED_PLATFORMS = "macosx iphoneos iphonesimulator appletvos appletvsimulator watchos watchsimulator";
				SWIFT_ACTIVE_COMPILATION_CONDITIONS = "$(inherited) SWIFT_PACKAGE DEBUG";
				SWIFT_OPTIMIZATION_LEVEL = "-Onone";
				USE_HEADERMAP = NO;
			};
			name = Debug;
		};
		OBJ_4 /* Release */ = {
			isa = XCBuildConfiguration;
			buildSettings = {
				CLANG_ENABLE_OBJC_ARC = YES;
				COMBINE_HIDPI_IMAGES = YES;
				COPY_PHASE_STRIP = YES;
				DEBUG_INFORMATION_FORMAT = "dwarf-with-dsym";
				DYLIB_INSTALL_NAME_BASE = "@rpath";
				GCC_OPTIMIZATION_LEVEL = s;
				GCC_PREPROCESSOR_DEFINITIONS = (
					"$(inherited)",
					"SWIFT_PACKAGE=1",
				);
				MACOSX_DEPLOYMENT_TARGET = 10.10;
				OTHER_SWIFT_FLAGS = "$(inherited) -DXcode";
				PRODUCT_NAME = "$(TARGET_NAME)";
				SDKROOT = macosx;
				SUPPORTED_PLATFORMS = "macosx iphoneos iphonesimulator appletvos appletvsimulator watchos watchsimulator";
				SWIFT_ACTIVE_COMPILATION_CONDITIONS = "$(inherited) SWIFT_PACKAGE";
				SWIFT_OPTIMIZATION_LEVEL = "-Owholemodule";
				USE_HEADERMAP = NO;
			};
			name = Release;
		};
		OBJ_79 /* Debug */ = {
			isa = XCBuildConfiguration;
			buildSettings = {
				ENABLE_TESTABILITY = YES;
				FRAMEWORK_SEARCH_PATHS = (
					"$(inherited)",
					"$(PLATFORM_DIR)/Developer/Library/Frameworks",
				);
				HEADER_SEARCH_PATHS = "$(inherited)";
				INFOPLIST_FILE = jukebox2.xcodeproj/ArgumentParser_Info.plist;
				IPHONEOS_DEPLOYMENT_TARGET = 8.0;
				LD_RUNPATH_SEARCH_PATHS = "$(inherited) $(TOOLCHAIN_DIR)/usr/lib/swift/macosx";
				MACOSX_DEPLOYMENT_TARGET = 10.10;
				OTHER_CFLAGS = "$(inherited)";
				OTHER_LDFLAGS = "$(inherited)";
				OTHER_SWIFT_FLAGS = "$(inherited)";
				PRODUCT_BUNDLE_IDENTIFIER = ArgumentParser;
				PRODUCT_MODULE_NAME = "$(TARGET_NAME:c99extidentifier)";
				PRODUCT_NAME = "$(TARGET_NAME:c99extidentifier)";
				SKIP_INSTALL = YES;
				SWIFT_ACTIVE_COMPILATION_CONDITIONS = "$(inherited)";
				SWIFT_VERSION = 5.0;
				TARGET_NAME = ArgumentParser;
				TVOS_DEPLOYMENT_TARGET = 9.0;
				WATCHOS_DEPLOYMENT_TARGET = 2.0;
			};
			name = Debug;
		};
		OBJ_80 /* Release */ = {
			isa = XCBuildConfiguration;
			buildSettings = {
				ENABLE_TESTABILITY = YES;
				FRAMEWORK_SEARCH_PATHS = (
					"$(inherited)",
					"$(PLATFORM_DIR)/Developer/Library/Frameworks",
				);
				HEADER_SEARCH_PATHS = "$(inherited)";
				INFOPLIST_FILE = jukebox2.xcodeproj/ArgumentParser_Info.plist;
				IPHONEOS_DEPLOYMENT_TARGET = 8.0;
				LD_RUNPATH_SEARCH_PATHS = "$(inherited) $(TOOLCHAIN_DIR)/usr/lib/swift/macosx";
				MACOSX_DEPLOYMENT_TARGET = 10.10;
				OTHER_CFLAGS = "$(inherited)";
				OTHER_LDFLAGS = "$(inherited)";
				OTHER_SWIFT_FLAGS = "$(inherited)";
				PRODUCT_BUNDLE_IDENTIFIER = ArgumentParser;
				PRODUCT_MODULE_NAME = "$(TARGET_NAME:c99extidentifier)";
				PRODUCT_NAME = "$(TARGET_NAME:c99extidentifier)";
				SKIP_INSTALL = YES;
				SWIFT_ACTIVE_COMPILATION_CONDITIONS = "$(inherited)";
				SWIFT_VERSION = 5.0;
				TARGET_NAME = ArgumentParser;
				TVOS_DEPLOYMENT_TARGET = 9.0;
				WATCHOS_DEPLOYMENT_TARGET = 2.0;
			};
			name = Release;
		};
/* End XCBuildConfiguration section */

/* Begin XCConfigurationList section */
		OBJ_115 /* Build configuration list for PBXNativeTarget "Flynn" */ = {
			isa = XCConfigurationList;
			buildConfigurations = (
				OBJ_116 /* Debug */,
				OBJ_117 /* Release */,
			);
			defaultConfigurationIsVisible = 0;
			defaultConfigurationName = Release;
		};
		OBJ_131 /* Build configuration list for PBXNativeTarget "FlynnPackageDescription" */ = {
			isa = XCConfigurationList;
			buildConfigurations = (
				OBJ_132 /* Debug */,
				OBJ_133 /* Release */,
			);
			defaultConfigurationIsVisible = 0;
			defaultConfigurationName = Release;
		};
		OBJ_137 /* Build configuration list for PBXNativeTarget "jukebox2" */ = {
			isa = XCConfigurationList;
			buildConfigurations = (
				OBJ_138 /* Debug */,
				OBJ_139 /* Release */,
			);
			defaultConfigurationIsVisible = 0;
			defaultConfigurationName = Release;
		};
		OBJ_151 /* Build configuration list for PBXNativeTarget "jukebox2PackageDescription" */ = {
			isa = XCConfigurationList;
			buildConfigurations = (
				OBJ_152 /* Debug */,
				OBJ_153 /* Release */,
			);
			defaultConfigurationIsVisible = 0;
			defaultConfigurationName = Release;
		};
		OBJ_157 /* Build configuration list for PBXAggregateTarget "jukebox2PackageTests" */ = {
			isa = XCConfigurationList;
			buildConfigurations = (
				OBJ_158 /* Debug */,
				OBJ_159 /* Release */,
			);
			defaultConfigurationIsVisible = 0;
			defaultConfigurationName = Release;
		};
		OBJ_162 /* Build configuration list for PBXNativeTarget "jukebox2Tests" */ = {
			isa = XCConfigurationList;
			buildConfigurations = (
				OBJ_163 /* Debug */,
				OBJ_164 /* Release */,
			);
			defaultConfigurationIsVisible = 0;
			defaultConfigurationName = Release;
		};
		OBJ_175 /* Build configuration list for PBXNativeTarget "swift-argument-parserPackageDescription" */ = {
			isa = XCConfigurationList;
			buildConfigurations = (
				OBJ_176 /* Debug */,
				OBJ_177 /* Release */,
			);
			defaultConfigurationIsVisible = 0;
			defaultConfigurationName = Release;
		};
		OBJ_2 /* Build configuration list for PBXProject "jukebox2" */ = {
			isa = XCConfigurationList;
			buildConfigurations = (
				OBJ_3 /* Debug */,
				OBJ_4 /* Release */,
			);
			defaultConfigurationIsVisible = 0;
			defaultConfigurationName = Release;
		};
		OBJ_78 /* Build configuration list for PBXNativeTarget "ArgumentParser" */ = {
			isa = XCConfigurationList;
			buildConfigurations = (
				OBJ_79 /* Debug */,
				OBJ_80 /* Release */,
			);
			defaultConfigurationIsVisible = 0;
			defaultConfigurationName = Release;
		};
/* End XCConfigurationList section */
	};
	rootObject = OBJ_1 /* Project object */;
}
